
Microsoft Visual Studio Solution File, Format Version 12.00
# Visual Studio Version 16
VisualStudioVersion = 16.0.33130.400
MinimumVisualStudioVersion = 10.0.40219.1
Project("{FAE04EC0-301F-11D3-BF4B-00C04F79EFBC}") = "prack16forms", "prack16forms.csproj", "{D2CAA584-1A46-4DB8-9E72-E235466F2043}"
EndProject
Global
	GlobalSection(SolutionConfigurationPlatforms) = preSolution
		Debug|Any CPU = Debug|Any CPU
		Release|Any CPU = Release|Any CPU
	EndGlobalSection
	GlobalSection(ProjectConfigurationPlatforms) = postSolution
		{D2CAA584-1A46-4DB8-9E72-E235466F2043}.Debug|Any CPU.ActiveCfg = Debug|Any CPU
		{D2CAA584-1A46-4DB8-9E72-E235466F2043}.Debug|Any CPU.Build.0 = Debug|Any CPU
		{D2CAA584-1A46-4DB8-9E72-E235466F2043}.Release|Any CPU.ActiveCfg = Release|Any CPU
		{D2CAA584-1A46-4DB8-9E72-E235466F2043}.Release|Any CPU.Build.0 = Release|Any CPU
	EndGlobalSection
	GlobalSection(SolutionProperties) = preSolution
		HideSolutionNode = FALSE
	EndGlobalSection
	GlobalSection(ExtensibilityGlobals) = postSolution
		SolutionGuid = {C7CDE1D6-D585-44EE-9542-23CBDD3FEAC9}
	EndGlobalSection
EndGlobal
