
Microsoft Visual Studio Solution File, Format Version 12.00
# Visual Studio Version 16
VisualStudioVersion = 16.0.33130.400
MinimumVisualStudioVersion = 10.0.40219.1
Project("{FAE04EC0-301F-11D3-BF4B-00C04F79EFBC}") = "prack16console", "prack16console.csproj", "{ED64FF73-B95B-49D7-AC38-9F6819F35A01}"
EndProject
Global
	GlobalSection(SolutionConfigurationPlatforms) = preSolution
		Debug|Any CPU = Debug|Any CPU
		Release|Any CPU = Release|Any CPU
	EndGlobalSection
	GlobalSection(ProjectConfigurationPlatforms) = postSolution
		{ED64FF73-B95B-49D7-AC38-9F6819F35A01}.Debug|Any CPU.ActiveCfg = Debug|Any CPU
		{ED64FF73-B95B-49D7-AC38-9F6819F35A01}.Debug|Any CPU.Build.0 = Debug|Any CPU
		{ED64FF73-B95B-49D7-AC38-9F6819F35A01}.Release|Any CPU.ActiveCfg = Release|Any CPU
		{ED64FF73-B95B-49D7-AC38-9F6819F35A01}.Release|Any CPU.Build.0 = Release|Any CPU
	EndGlobalSection
	GlobalSection(SolutionProperties) = preSolution
		HideSolutionNode = FALSE
	EndGlobalSection
	GlobalSection(ExtensibilityGlobals) = postSolution
		SolutionGuid = {F05266FB-0C89-4123-A9A1-14AED400AB1A}
	EndGlobalSection
EndGlobal
